// !$*UTF8*$!
{
	archiveVersion = 1;
	classes = {
	};
	objectVersion = 56;
	objects = {

/* Begin PBXBuildFile section */
		E3184EE2299607FB006CD7D7 /* ChapterName.swift in Sources */ = {isa = PBXBuildFile; fileRef = E3184EE1299607FB006CD7D7 /* ChapterName.swift */; };
		E3184EE429960811006CD7D7 /* sura_names.ttf in Resources */ = {isa = PBXBuildFile; fileRef = E3184EE329960811006CD7D7 /* sura_names.ttf */; };
		E32A4F05299612040084D225 /* VerseCard.swift in Sources */ = {isa = PBXBuildFile; fileRef = E32A4F04299612040084D225 /* VerseCard.swift */; };
		E32A4F07299613190084D225 /* VerseTranslationCard.swift in Sources */ = {isa = PBXBuildFile; fileRef = E32A4F06299613190084D225 /* VerseTranslationCard.swift */; };
		E33286672997DAA800270D55 /* QuranView.swift in Sources */ = {isa = PBXBuildFile; fileRef = E33286662997DAA800270D55 /* QuranView.swift */; };
		E332866C2997DF8E00270D55 /* VerseView.swift in Sources */ = {isa = PBXBuildFile; fileRef = E332866B2997DF8E00270D55 /* VerseView.swift */; };
		E35AF9892994BB2600F0D322 /* quran.json in Resources */ = {isa = PBXBuildFile; fileRef = E35AF9882994BB2500F0D322 /* quran.json */; };
		E35AF98B2994BBA100F0D322 /* ReadData.swift in Sources */ = {isa = PBXBuildFile; fileRef = E35AF98A2994BBA100F0D322 /* ReadData.swift */; };
		E35AF99329951FEE00F0D322 /* uthmanic.ttf in Resources */ = {isa = PBXBuildFile; fileRef = E35AF99229951FEE00F0D322 /* uthmanic.ttf */; };
		E35AF9962995204300F0D322 /* TestView.swift in Sources */ = {isa = PBXBuildFile; fileRef = E35AF9952995204300F0D322 /* TestView.swift */; };
		E35AF99B29952F9100F0D322 /* ChapterCard.swift in Sources */ = {isa = PBXBuildFile; fileRef = E35AF99A29952F9100F0D322 /* ChapterCard.swift */; };
		E3A05D96299910A000A2F509 /* VerseHeader.swift in Sources */ = {isa = PBXBuildFile; fileRef = E3A05D95299910A000A2F509 /* VerseHeader.swift */; };
		E3F10DE72994B3AF00F7342F /* ilanurappApp.swift in Sources */ = {isa = PBXBuildFile; fileRef = E3F10DE62994B3AF00F7342F /* ilanurappApp.swift */; };
		E3F10DE92994B3AF00F7342F /* ContentView.swift in Sources */ = {isa = PBXBuildFile; fileRef = E3F10DE82994B3AF00F7342F /* ContentView.swift */; };
		E3F10DEB2994B3B100F7342F /* Assets.xcassets in Resources */ = {isa = PBXBuildFile; fileRef = E3F10DEA2994B3B100F7342F /* Assets.xcassets */; };
		E3F10DEE2994B3B100F7342F /* Preview Assets.xcassets in Resources */ = {isa = PBXBuildFile; fileRef = E3F10DED2994B3B100F7342F /* Preview Assets.xcassets */; };
/* End PBXBuildFile section */

/* Begin PBXFileReference section */
		E3184EE1299607FB006CD7D7 /* ChapterName.swift */ = {isa = PBXFileReference; lastKnownFileType = sourcecode.swift; path = ChapterName.swift; sourceTree = "<group>"; };
		E3184EE329960811006CD7D7 /* sura_names.ttf */ = {isa = PBXFileReference; lastKnownFileType = file; path = sura_names.ttf; sourceTree = "<group>"; };
		E32A4F04299612040084D225 /* VerseCard.swift */ = {isa = PBXFileReference; lastKnownFileType = sourcecode.swift; path = VerseCard.swift; sourceTree = "<group>"; };
		E32A4F06299613190084D225 /* VerseTranslationCard.swift */ = {isa = PBXFileReference; lastKnownFileType = sourcecode.swift; path = VerseTranslationCard.swift; sourceTree = "<group>"; };
		E33286662997DAA800270D55 /* QuranView.swift */ = {isa = PBXFileReference; lastKnownFileType = sourcecode.swift; path = QuranView.swift; sourceTree = "<group>"; };
		E332866B2997DF8E00270D55 /* VerseView.swift */ = {isa = PBXFileReference; lastKnownFileType = sourcecode.swift; path = VerseView.swift; sourceTree = "<group>"; };
		E35AF9882994BB2500F0D322 /* quran.json */ = {isa = PBXFileReference; fileEncoding = 4; lastKnownFileType = text.json; path = quran.json; sourceTree = "<group>"; };
		E35AF98A2994BBA100F0D322 /* ReadData.swift */ = {isa = PBXFileReference; lastKnownFileType = sourcecode.swift; path = ReadData.swift; sourceTree = "<group>"; };
		E35AF99229951FEE00F0D322 /* uthmanic.ttf */ = {isa = PBXFileReference; lastKnownFileType = file; path = uthmanic.ttf; sourceTree = "<group>"; };
		E35AF9942995200E00F0D322 /* Info.plist */ = {isa = PBXFileReference; lastKnownFileType = text.plist; path = Info.plist; sourceTree = "<group>"; };
		E35AF9952995204300F0D322 /* TestView.swift */ = {isa = PBXFileReference; lastKnownFileType = sourcecode.swift; path = TestView.swift; sourceTree = "<group>"; };
		E35AF99A29952F9100F0D322 /* ChapterCard.swift */ = {isa = PBXFileReference; lastKnownFileType = sourcecode.swift; path = ChapterCard.swift; sourceTree = "<group>"; };
		E3A05D95299910A000A2F509 /* VerseHeader.swift */ = {isa = PBXFileReference; lastKnownFileType = sourcecode.swift; path = VerseHeader.swift; sourceTree = "<group>"; };
		E3F10DE32994B3AF00F7342F /* ilanurapp.app */ = {isa = PBXFileReference; explicitFileType = wrapper.application; includeInIndex = 0; path = ilanurapp.app; sourceTree = BUILT_PRODUCTS_DIR; };
		E3F10DE62994B3AF00F7342F /* ilanurappApp.swift */ = {isa = PBXFileReference; lastKnownFileType = sourcecode.swift; path = ilanurappApp.swift; sourceTree = "<group>"; };
		E3F10DE82994B3AF00F7342F /* ContentView.swift */ = {isa = PBXFileReference; lastKnownFileType = sourcecode.swift; path = ContentView.swift; sourceTree = "<group>"; };
		E3F10DEA2994B3B100F7342F /* Assets.xcassets */ = {isa = PBXFileReference; lastKnownFileType = folder.assetcatalog; path = Assets.xcassets; sourceTree = "<group>"; };
		E3F10DED2994B3B100F7342F /* Preview Assets.xcassets */ = {isa = PBXFileReference; lastKnownFileType = folder.assetcatalog; path = "Preview Assets.xcassets"; sourceTree = "<group>"; };
/* End PBXFileReference section */

/* Begin PBXFrameworksBuildPhase section */
		E3F10DE02994B3AF00F7342F /* Frameworks */ = {
			isa = PBXFrameworksBuildPhase;
			buildActionMask = 2147483647;
			files = (
			);
			runOnlyForDeploymentPostprocessing = 0;
		};
/* End PBXFrameworksBuildPhase section */

/* Begin PBXGroup section */
		E32C26F02997538100D40F09 /* Test */ = {
			isa = PBXGroup;
			children = (
				E35AF9952995204300F0D322 /* TestView.swift */,
			);
			path = Test;
			sourceTree = "<group>";
		};
		E332866A2997DF6000270D55 /* Quran */ = {
			isa = PBXGroup;
			children = (
				E3A05D9D299913AF00A2F509 /* json */,
				E3A05D9C2999139B00A2F509 /* fonts */,
				E3A05D9B2999139000A2F509 /* models */,
				E3A05D982999136100A2F509 /* components */,
				E3A05D972999135400A2F509 /* Views */,
			);
			path = Quran;
			sourceTree = "<group>";
		};
		E3A05D972999135400A2F509 /* Views */ = {
			isa = PBXGroup;
			children = (
				E33286662997DAA800270D55 /* QuranView.swift */,
				E332866B2997DF8E00270D55 /* VerseView.swift */,
			);
			path = Views;
			sourceTree = "<group>";
		};
		E3A05D982999136100A2F509 /* components */ = {
			isa = PBXGroup;
			children = (
				E3A05D9A2999138300A2F509 /* chapter */,
				E3A05D992999136B00A2F509 /* verse */,
			);
			path = components;
			sourceTree = "<group>";
		};
		E3A05D992999136B00A2F509 /* verse */ = {
			isa = PBXGroup;
			children = (
				E3184EE1299607FB006CD7D7 /* ChapterName.swift */,
				E32A4F04299612040084D225 /* VerseCard.swift */,
				E32A4F06299613190084D225 /* VerseTranslationCard.swift */,
				E3A05D95299910A000A2F509 /* VerseHeader.swift */,
			);
			path = verse;
			sourceTree = "<group>";
		};
		E3A05D9A2999138300A2F509 /* chapter */ = {
			isa = PBXGroup;
			children = (
				E35AF99A29952F9100F0D322 /* ChapterCard.swift */,
			);
			path = chapter;
			sourceTree = "<group>";
		};
		E3A05D9B2999139000A2F509 /* models */ = {
			isa = PBXGroup;
			children = (
				E35AF98A2994BBA100F0D322 /* ReadData.swift */,
			);
			path = models;
			sourceTree = "<group>";
		};
		E3A05D9C2999139B00A2F509 /* fonts */ = {
			isa = PBXGroup;
			children = (
				E35AF99229951FEE00F0D322 /* uthmanic.ttf */,
				E3184EE329960811006CD7D7 /* sura_names.ttf */,
			);
			path = fonts;
			sourceTree = "<group>";
		};
		E3A05D9D299913AF00A2F509 /* json */ = {
			isa = PBXGroup;
			children = (
				E35AF9882994BB2500F0D322 /* quran.json */,
			);
			path = json;
			sourceTree = "<group>";
		};
		E3F10DDA2994B3AF00F7342F = {
			isa = PBXGroup;
			children = (
				E3F10DE52994B3AF00F7342F /* ilanurapp */,
				E3F10DE42994B3AF00F7342F /* Products */,
			);
			sourceTree = "<group>";
		};
		E3F10DE42994B3AF00F7342F /* Products */ = {
			isa = PBXGroup;
			children = (
				E3F10DE32994B3AF00F7342F /* ilanurapp.app */,
			);
			name = Products;
			sourceTree = "<group>";
		};
		E3F10DE52994B3AF00F7342F /* ilanurapp */ = {
			isa = PBXGroup;
			children = (
				E332866A2997DF6000270D55 /* Quran */,
				E35AF9942995200E00F0D322 /* Info.plist */,
				E3F10DE62994B3AF00F7342F /* ilanurappApp.swift */,
				E3F10DE82994B3AF00F7342F /* ContentView.swift */,
				E32C26F02997538100D40F09 /* Test */,
				E3F10DEA2994B3B100F7342F /* Assets.xcassets */,
				E3F10DEC2994B3B100F7342F /* Preview Content */,
			);
			path = ilanurapp;
			sourceTree = "<group>";
		};
		E3F10DEC2994B3B100F7342F /* Preview Content */ = {
			isa = PBXGroup;
			children = (
				E3F10DED2994B3B100F7342F /* Preview Assets.xcassets */,
			);
			path = "Preview Content";
			sourceTree = "<group>";
		};
/* End PBXGroup section */

/* Begin PBXNativeTarget section */
		E3F10DE22994B3AF00F7342F /* ilanurapp */ = {
			isa = PBXNativeTarget;
			buildConfigurationList = E3F10DF12994B3B100F7342F /* Build configuration list for PBXNativeTarget "ilanurapp" */;
			buildPhases = (
				E3F10DDF2994B3AF00F7342F /* Sources */,
				E3F10DE02994B3AF00F7342F /* Frameworks */,
				E3F10DE12994B3AF00F7342F /* Resources */,
			);
			buildRules = (
			);
			dependencies = (
			);
			name = ilanurapp;
			productName = ilanurapp;
			productReference = E3F10DE32994B3AF00F7342F /* ilanurapp.app */;
			productType = "com.apple.product-type.application";
		};
/* End PBXNativeTarget section */

/* Begin PBXProject section */
		E3F10DDB2994B3AF00F7342F /* Project object */ = {
			isa = PBXProject;
			attributes = {
				BuildIndependentTargetsInParallel = 1;
				LastSwiftUpdateCheck = 1420;
				LastUpgradeCheck = 1420;
				TargetAttributes = {
					E3F10DE22994B3AF00F7342F = {
						CreatedOnToolsVersion = 14.2;
					};
				};
			};
			buildConfigurationList = E3F10DDE2994B3AF00F7342F /* Build configuration list for PBXProject "ilanurapp" */;
			compatibilityVersion = "Xcode 14.0";
			developmentRegion = en;
			hasScannedForEncodings = 0;
			knownRegions = (
				en,
				Base,
			);
			mainGroup = E3F10DDA2994B3AF00F7342F;
			productRefGroup = E3F10DE42994B3AF00F7342F /* Products */;
			projectDirPath = "";
			projectRoot = "";
			targets = (
				E3F10DE22994B3AF00F7342F /* ilanurapp */,
			);
		};
/* End PBXProject section */

/* Begin PBXResourcesBuildPhase section */
		E3F10DE12994B3AF00F7342F /* Resources */ = {
			isa = PBXResourcesBuildPhase;
			buildActionMask = 2147483647;
			files = (
				E35AF9892994BB2600F0D322 /* quran.json in Resources */,
				E3F10DEE2994B3B100F7342F /* Preview Assets.xcassets in Resources */,
				E35AF99329951FEE00F0D322 /* uthmanic.ttf in Resources */,
				E3184EE429960811006CD7D7 /* sura_names.ttf in Resources */,
				E3F10DEB2994B3B100F7342F /* Assets.xcassets in Resources */,
			);
			runOnlyForDeploymentPostprocessing = 0;
		};
/* End PBXResourcesBuildPhase section */

/* Begin PBXSourcesBuildPhase section */
		E3F10DDF2994B3AF00F7342F /* Sources */ = {
			isa = PBXSourcesBuildPhase;
			buildActionMask = 2147483647;
			files = (
				E35AF9962995204300F0D322 /* TestView.swift in Sources */,
				E32A4F05299612040084D225 /* VerseCard.swift in Sources */,
				E35AF99B29952F9100F0D322 /* ChapterCard.swift in Sources */,
				E3F10DE92994B3AF00F7342F /* ContentView.swift in Sources */,
				E332866C2997DF8E00270D55 /* VerseView.swift in Sources */,
				E32A4F07299613190084D225 /* VerseTranslationCard.swift in Sources */,
				E3A05D96299910A000A2F509 /* VerseHeader.swift in Sources */,
				E3F10DE72994B3AF00F7342F /* ilanurappApp.swift in Sources */,
				E33286672997DAA800270D55 /* QuranView.swift in Sources */,
				E3184EE2299607FB006CD7D7 /* ChapterName.swift in Sources */,
				E35AF98B2994BBA100F0D322 /* ReadData.swift in Sources */,
			);
			runOnlyForDeploymentPostprocessing = 0;
		};
/* End PBXSourcesBuildPhase section */

/* Begin XCBuildConfiguration section */
		E3F10DEF2994B3B100F7342F /* Debug */ = {
			isa = XCBuildConfiguration;
			buildSettings = {
				ALWAYS_SEARCH_USER_PATHS = NO;
				CLANG_ANALYZER_NONNULL = YES;
				CLANG_ANALYZER_NUMBER_OBJECT_CONVERSION = YES_AGGRESSIVE;
				CLANG_CXX_LANGUAGE_STANDARD = "gnu++20";
				CLANG_ENABLE_MODULES = YES;
				CLANG_ENABLE_OBJC_ARC = YES;
				CLANG_ENABLE_OBJC_WEAK = YES;
				CLANG_WARN_BLOCK_CAPTURE_AUTORELEASING = YES;
				CLANG_WARN_BOOL_CONVERSION = YES;
				CLANG_WARN_COMMA = YES;
				CLANG_WARN_CONSTANT_CONVERSION = YES;
				CLANG_WARN_DEPRECATED_OBJC_IMPLEMENTATIONS = YES;
				CLANG_WARN_DIRECT_OBJC_ISA_USAGE = YES_ERROR;
				CLANG_WARN_DOCUMENTATION_COMMENTS = YES;
				CLANG_WARN_EMPTY_BODY = YES;
				CLANG_WARN_ENUM_CONVERSION = YES;
				CLANG_WARN_INFINITE_RECURSION = YES;
				CLANG_WARN_INT_CONVERSION = YES;
				CLANG_WARN_NON_LITERAL_NULL_CONVERSION = YES;
				CLANG_WARN_OBJC_IMPLICIT_RETAIN_SELF = YES;
				CLANG_WARN_OBJC_LITERAL_CONVERSION = YES;
				CLANG_WARN_OBJC_ROOT_CLASS = YES_ERROR;
				CLANG_WARN_QUOTED_INCLUDE_IN_FRAMEWORK_HEADER = YES;
				CLANG_WARN_RANGE_LOOP_ANALYSIS = YES;
				CLANG_WARN_STRICT_PROTOTYPES = YES;
				CLANG_WARN_SUSPICIOUS_MOVE = YES;
				CLANG_WARN_UNGUARDED_AVAILABILITY = YES_AGGRESSIVE;
				CLANG_WARN_UNREACHABLE_CODE = YES;
				CLANG_WARN__DUPLICATE_METHOD_MATCH = YES;
				COPY_PHASE_STRIP = NO;
				DEBUG_INFORMATION_FORMAT = dwarf;
				ENABLE_STRICT_OBJC_MSGSEND = YES;
				ENABLE_TESTABILITY = YES;
				GCC_C_LANGUAGE_STANDARD = gnu11;
				GCC_DYNAMIC_NO_PIC = NO;
				GCC_NO_COMMON_BLOCKS = YES;
				GCC_OPTIMIZATION_LEVEL = 0;
				GCC_PREPROCESSOR_DEFINITIONS = (
					"DEBUG=1",
					"$(inherited)",
				);
				GCC_WARN_64_TO_32_BIT_CONVERSION = YES;
				GCC_WARN_ABOUT_RETURN_TYPE = YES_ERROR;
				GCC_WARN_UNDECLARED_SELECTOR = YES;
				GCC_WARN_UNINITIALIZED_AUTOS = YES_AGGRESSIVE;
				GCC_WARN_UNUSED_FUNCTION = YES;
				GCC_WARN_UNUSED_VARIABLE = YES;
				IPHONEOS_DEPLOYMENT_TARGET = 16.2;
				MTL_ENABLE_DEBUG_INFO = INCLUDE_SOURCE;
				MTL_FAST_MATH = YES;
				ONLY_ACTIVE_ARCH = YES;
				SDKROOT = iphoneos;
				SWIFT_ACTIVE_COMPILATION_CONDITIONS = DEBUG;
				SWIFT_OPTIMIZATION_LEVEL = "-Onone";
			};
			name = Debug;
		};
		E3F10DF02994B3B100F7342F /* Release */ = {
			isa = XCBuildConfiguration;
			buildSettings = {
				ALWAYS_SEARCH_USER_PATHS = NO;
				CLANG_ANALYZER_NONNULL = YES;
				CLANG_ANALYZER_NUMBER_OBJECT_CONVERSION = YES_AGGRESSIVE;
				CLANG_CXX_LANGUAGE_STANDARD = "gnu++20";
				CLANG_ENABLE_MODULES = YES;
				CLANG_ENABLE_OBJC_ARC = YES;
				CLANG_ENABLE_OBJC_WEAK = YES;
				CLANG_WARN_BLOCK_CAPTURE_AUTORELEASING = YES;
				CLANG_WARN_BOOL_CONVERSION = YES;
				CLANG_WARN_COMMA = YES;
				CLANG_WARN_CONSTANT_CONVERSION = YES;
				CLANG_WARN_DEPRECATED_OBJC_IMPLEMENTATIONS = YES;
				CLANG_WARN_DIRECT_OBJC_ISA_USAGE = YES_ERROR;
				CLANG_WARN_DOCUMENTATION_COMMENTS = YES;
				CLANG_WARN_EMPTY_BODY = YES;
				CLANG_WARN_ENUM_CONVERSION = YES;
				CLANG_WARN_INFINITE_RECURSION = YES;
				CLANG_WARN_INT_CONVERSION = YES;
				CLANG_WARN_NON_LITERAL_NULL_CONVERSION = YES;
				CLANG_WARN_OBJC_IMPLICIT_RETAIN_SELF = YES;
				CLANG_WARN_OBJC_LITERAL_CONVERSION = YES;
				CLANG_WARN_OBJC_ROOT_CLASS = YES_ERROR;
				CLANG_WARN_QUOTED_INCLUDE_IN_FRAMEWORK_HEADER = YES;
				CLANG_WARN_RANGE_LOOP_ANALYSIS = YES;
				CLANG_WARN_STRICT_PROTOTYPES = YES;
				CLANG_WARN_SUSPICIOUS_MOVE = YES;
				CLANG_WARN_UNGUARDED_AVAILABILITY = YES_AGGRESSIVE;
				CLANG_WARN_UNREACHABLE_CODE = YES;
				CLANG_WARN__DUPLICATE_METHOD_MATCH = YES;
				COPY_PHASE_STRIP = NO;
				DEBUG_INFORMATION_FORMAT = "dwarf-with-dsym";
				ENABLE_NS_ASSERTIONS = NO;
				ENABLE_STRICT_OBJC_MSGSEND = YES;
				GCC_C_LANGUAGE_STANDARD = gnu11;
				GCC_NO_COMMON_BLOCKS = YES;
				GCC_WARN_64_TO_32_BIT_CONVERSION = YES;
				GCC_WARN_ABOUT_RETURN_TYPE = YES_ERROR;
				GCC_WARN_UNDECLARED_SELECTOR = YES;
				GCC_WARN_UNINITIALIZED_AUTOS = YES_AGGRESSIVE;
				GCC_WARN_UNUSED_FUNCTION = YES;
				GCC_WARN_UNUSED_VARIABLE = YES;
				IPHONEOS_DEPLOYMENT_TARGET = 16.2;
				MTL_ENABLE_DEBUG_INFO = NO;
				MTL_FAST_MATH = YES;
				SDKROOT = iphoneos;
				SWIFT_COMPILATION_MODE = wholemodule;
				SWIFT_OPTIMIZATION_LEVEL = "-O";
				VALIDATE_PRODUCT = YES;
			};
			name = Release;
		};
		E3F10DF22994B3B100F7342F /* Debug */ = {
			isa = XCBuildConfiguration;
			buildSettings = {
				ASSETCATALOG_COMPILER_APPICON_NAME = AppIcon;
				ASSETCATALOG_COMPILER_GLOBAL_ACCENT_COLOR_NAME = AccentColor;
				CODE_SIGN_STYLE = Automatic;
				CURRENT_PROJECT_VERSION = 1;
				DEVELOPMENT_ASSET_PATHS = "\"ilanurapp/Preview Content\"";
				DEVELOPMENT_TEAM = C5X9AX5PW5;
				ENABLE_PREVIEWS = YES;
				GENERATE_INFOPLIST_FILE = YES;
				INFOPLIST_FILE = ilanurapp/Info.plist;
				INFOPLIST_KEY_UIApplicationSceneManifest_Generation = YES;
				INFOPLIST_KEY_UIApplicationSupportsIndirectInputEvents = YES;
				INFOPLIST_KEY_UILaunchScreen_Generation = YES;
				INFOPLIST_KEY_UISupportedInterfaceOrientations_iPad = "UIInterfaceOrientationPortrait UIInterfaceOrientationPortraitUpsideDown UIInterfaceOrientationLandscapeLeft UIInterfaceOrientationLandscapeRight";
				INFOPLIST_KEY_UISupportedInterfaceOrientations_iPhone = "UIInterfaceOrientationPortrait UIInterfaceOrientationLandscapeLeft UIInterfaceOrientationLandscapeRight";
				LD_RUNPATH_SEARCH_PATHS = (
					"$(inherited)",
					"@executable_path/Frameworks",
				);
				MARKETING_VERSION = 1.0;
				PRODUCT_BUNDLE_IDENTIFIER = "swiftui-app.ilanurapp";
				PRODUCT_NAME = "$(TARGET_NAME)";
				SWIFT_EMIT_LOC_STRINGS = YES;
				SWIFT_VERSION = 5.0;
				TARGETED_DEVICE_FAMILY = "1,2";
			};
			name = Debug;
		};
		E3F10DF32994B3B100F7342F /* Release */ = {
			isa = XCBuildConfiguration;
			buildSettings = {
				ASSETCATALOG_COMPILER_APPICON_NAME = AppIcon;
				ASSETCATALOG_COMPILER_GLOBAL_ACCENT_COLOR_NAME = AccentColor;
				CODE_SIGN_STYLE = Automatic;
				CURRENT_PROJECT_VERSION = 1;
				DEVELOPMENT_ASSET_PATHS = "\"ilanurapp/Preview Content\"";
				DEVELOPMENT_TEAM = C5X9AX5PW5;
				ENABLE_PREVIEWS = YES;
				GENERATE_INFOPLIST_FILE = YES;
				INFOPLIST_FILE = ilanurapp/Info.plist;
				INFOPLIST_KEY_UIApplicationSceneManifest_Generation = YES;
				INFOPLIST_KEY_UIApplicationSupportsIndirectInputEvents = YES;
				INFOPLIST_KEY_UILaunchScreen_Generation = YES;
				INFOPLIST_KEY_UISupportedInterfaceOrientations_iPad = "UIInterfaceOrientationPortrait UIInterfaceOrientationPortraitUpsideDown UIInterfaceOrientationLandscapeLeft UIInterfaceOrientationLandscapeRight";
				INFOPLIST_KEY_UISupportedInterfaceOrientations_iPhone = "UIInterfaceOrientationPortrait UIInterfaceOrientationLandscapeLeft UIInterfaceOrientationLandscapeRight";
				LD_RUNPATH_SEARCH_PATHS = (
					"$(inherited)",
					"@executable_path/Frameworks",
				);
				MARKETING_VERSION = 1.0;
				PRODUCT_BUNDLE_IDENTIFIER = "swiftui-app.ilanurapp";
				PRODUCT_NAME = "$(TARGET_NAME)";
				SWIFT_EMIT_LOC_STRINGS = YES;
				SWIFT_VERSION = 5.0;
				TARGETED_DEVICE_FAMILY = "1,2";
			};
			name = Release;
		};
/* End XCBuildConfiguration section */

/* Begin XCConfigurationList section */
		E3F10DDE2994B3AF00F7342F /* Build configuration list for PBXProject "ilanurapp" */ = {
			isa = XCConfigurationList;
			buildConfigurations = (
				E3F10DEF2994B3B100F7342F /* Debug */,
				E3F10DF02994B3B100F7342F /* Release */,
			);
			defaultConfigurationIsVisible = 0;
			defaultConfigurationName = Release;
		};
		E3F10DF12994B3B100F7342F /* Build configuration list for PBXNativeTarget "ilanurapp" */ = {
			isa = XCConfigurationList;
			buildConfigurations = (
				E3F10DF22994B3B100F7342F /* Debug */,
				E3F10DF32994B3B100F7342F /* Release */,
			);
			defaultConfigurationIsVisible = 0;
			defaultConfigurationName = Release;
		};
/* End XCConfigurationList section */
	};
	rootObject = E3F10DDB2994B3AF00F7342F /* Project object */;
}
